
Microsoft Visual Studio Solution File, Format Version 12.00
# Visual Studio Version 17
VisualStudioVersion = 17.14.36915.13 d17.14
MinimumVisualStudioVersion = 10.0.40219.1
Project("{FAE04EC0-301F-11D3-BF4B-00C04F79EFBC}") = "WPF_Hide_Names", "WPF_Hide_Names.csproj", "{058E75AD-9091-42F7-9F08-834A07C001B7}"
EndProject
Global
	GlobalSection(SolutionConfigurationPlatforms) = preSolution
		Debug|Any CPU = Debug|Any CPU
		Release|Any CPU = Release|Any CPU
	EndGlobalSection
	GlobalSection(ProjectConfigurationPlatforms) = postSolution
		{058E75AD-9091-42F7-9F08-834A07C001B7}.Debug|Any CPU.ActiveCfg = Debug|Any CPU
		{058E75AD-9091-42F7-9F08-834A07C001B7}.Debug|Any CPU.Build.0 = Debug|Any CPU
		{058E75AD-9091-42F7-9F08-834A07C001B7}.Release|Any CPU.ActiveCfg = Release|Any CPU
		{058E75AD-9091-42F7-9F08-834A07C001B7}.Release|Any CPU.Build.0 = Release|Any CPU
	EndGlobalSection
	GlobalSection(SolutionProperties) = preSolution
		HideSolutionNode = FALSE
	EndGlobalSection
	GlobalSection(ExtensibilityGlobals) = postSolution
		SolutionGuid = {B9E951B4-B7C0-4AA0-B854-EE1FA3AC4225}
	EndGlobalSection
EndGlobal
